{
  "originHash" : "b5bbff7b616cdb60e1954d5955ff9c4d97129e110fa8deb62ea91b4f5793743d",
  "pins" : [
    {
      "identity" : "grdb.swift",
      "kind" : "remoteSourceControl",
      "location" : "https://github.com/duckduckgo/GRDB.swift.git",
      "state" : {
        "revision" : "46098847eeabdb008f238bef5750a8e64097b6ed",
        "version" : "3.0.0"
      }
    }
  ],
  "version" : 3
}
